
Microsoft Visual Studio Solution File, Format Version 12.00
# Visual Studio Version 16
VisualStudioVersion = 16.0.30406.217
MinimumVisualStudioVersion = 10.0.40219.1
Project("{FAE04EC0-301F-11D3-BF4B-00C04F79EFBC}") = "00_静态字段与实例字段", "9_16_类与对象\00_静态字段与实例字段.csproj", "{78890FB8-4481-49D2-8242-B7AF89E37BAE}"
EndProject
Project("{FAE04EC0-301F-11D3-BF4B-00C04F79EFBC}") = "01_this关键字", "01_this关键字\01_this关键字.csproj", "{17C2A8C5-9DE6-4D71-AA67-B3BD3C4B724F}"
EndProject
Project("{FAE04EC0-301F-11D3-BF4B-00C04F79EFBC}") = "02_访问修饰符", "02_访问修饰符\02_访问修饰符.csproj", "{9FBA9D4B-848B-4BD2-8E10-1B1B4E343944}"
EndProject
Project("{FAE04EC0-301F-11D3-BF4B-00C04F79EFBC}") = "03_常量", "03_常量与字段\03_常量.csproj", "{8B7E5892-695C-4FBF-B102-791F276D57FF}"
EndProject
Project("{FAE04EC0-301F-11D3-BF4B-00C04F79EFBC}") = "04_只读字段", "04_只读字段\04_只读字段.csproj", "{B0A75FD7-5641-4DB9-BB67-5B17CD0722CF}"
EndProject
Project("{FAE04EC0-301F-11D3-BF4B-00C04F79EFBC}") = "05_方法", "05_方法\05_方法.csproj", "{CF2E0BB5-1E76-49A4-8273-1C347583BC59}"
EndProject
Project("{FAE04EC0-301F-11D3-BF4B-00C04F79EFBC}") = "06_通过表达式声明方法", "06_通过表达式声明方法\06_通过表达式声明方法.csproj", "{0D9F2997-24DA-434E-9F36-43708AB45DB5}"
EndProject
Global
	GlobalSection(SolutionConfigurationPlatforms) = preSolution
		Debug|Any CPU = Debug|Any CPU
		Release|Any CPU = Release|Any CPU
	EndGlobalSection
	GlobalSection(ProjectConfigurationPlatforms) = postSolution
		{78890FB8-4481-49D2-8242-B7AF89E37BAE}.Debug|Any CPU.ActiveCfg = Debug|Any CPU
		{78890FB8-4481-49D2-8242-B7AF89E37BAE}.Debug|Any CPU.Build.0 = Debug|Any CPU
		{78890FB8-4481-49D2-8242-B7AF89E37BAE}.Release|Any CPU.ActiveCfg = Release|Any CPU
		{78890FB8-4481-49D2-8242-B7AF89E37BAE}.Release|Any CPU.Build.0 = Release|Any CPU
		{17C2A8C5-9DE6-4D71-AA67-B3BD3C4B724F}.Debug|Any CPU.ActiveCfg = Debug|Any CPU
		{17C2A8C5-9DE6-4D71-AA67-B3BD3C4B724F}.Debug|Any CPU.Build.0 = Debug|Any CPU
		{17C2A8C5-9DE6-4D71-AA67-B3BD3C4B724F}.Release|Any CPU.ActiveCfg = Release|Any CPU
		{17C2A8C5-9DE6-4D71-AA67-B3BD3C4B724F}.Release|Any CPU.Build.0 = Release|Any CPU
		{9FBA9D4B-848B-4BD2-8E10-1B1B4E343944}.Debug|Any CPU.ActiveCfg = Debug|Any CPU
		{9FBA9D4B-848B-4BD2-8E10-1B1B4E343944}.Debug|Any CPU.Build.0 = Debug|Any CPU
		{9FBA9D4B-848B-4BD2-8E10-1B1B4E343944}.Release|Any CPU.ActiveCfg = Release|Any CPU
		{9FBA9D4B-848B-4BD2-8E10-1B1B4E343944}.Release|Any CPU.Build.0 = Release|Any CPU
		{8B7E5892-695C-4FBF-B102-791F276D57FF}.Debug|Any CPU.ActiveCfg = Debug|Any CPU
		{8B7E5892-695C-4FBF-B102-791F276D57FF}.Debug|Any CPU.Build.0 = Debug|Any CPU
		{8B7E5892-695C-4FBF-B102-791F276D57FF}.Release|Any CPU.ActiveCfg = Release|Any CPU
		{8B7E5892-695C-4FBF-B102-791F276D57FF}.Release|Any CPU.Build.0 = Release|Any CPU
		{B0A75FD7-5641-4DB9-BB67-5B17CD0722CF}.Debug|Any CPU.ActiveCfg = Debug|Any CPU
		{B0A75FD7-5641-4DB9-BB67-5B17CD0722CF}.Debug|Any CPU.Build.0 = Debug|Any CPU
		{B0A75FD7-5641-4DB9-BB67-5B17CD0722CF}.Release|Any CPU.ActiveCfg = Release|Any CPU
		{B0A75FD7-5641-4DB9-BB67-5B17CD0722CF}.Release|Any CPU.Build.0 = Release|Any CPU
		{CF2E0BB5-1E76-49A4-8273-1C347583BC59}.Debug|Any CPU.ActiveCfg = Debug|Any CPU
		{CF2E0BB5-1E76-49A4-8273-1C347583BC59}.Debug|Any CPU.Build.0 = Debug|Any CPU
		{CF2E0BB5-1E76-49A4-8273-1C347583BC59}.Release|Any CPU.ActiveCfg = Release|Any CPU
		{CF2E0BB5-1E76-49A4-8273-1C347583BC59}.Release|Any CPU.Build.0 = Release|Any CPU
		{0D9F2997-24DA-434E-9F36-43708AB45DB5}.Debug|Any CPU.ActiveCfg = Debug|Any CPU
		{0D9F2997-24DA-434E-9F36-43708AB45DB5}.Debug|Any CPU.Build.0 = Debug|Any CPU
		{0D9F2997-24DA-434E-9F36-43708AB45DB5}.Release|Any CPU.ActiveCfg = Release|Any CPU
		{0D9F2997-24DA-434E-9F36-43708AB45DB5}.Release|Any CPU.Build.0 = Release|Any CPU
	EndGlobalSection
	GlobalSection(SolutionProperties) = preSolution
		HideSolutionNode = FALSE
	EndGlobalSection
	GlobalSection(ExtensibilityGlobals) = postSolution
		SolutionGuid = {6F0D59F6-A4DD-4605-9080-5E46A81542B6}
	EndGlobalSection
EndGlobal
